// !$*UTF8*$!
{
	archiveVersion = 1;
	classes = {
	};
	objectVersion = 50;
	objects = {

/* Begin PBXBuildFile section */
		EBA85C192186804B00B4B0D4 /* AppDelegate.swift in Sources */ = {isa = PBXBuildFile; fileRef = EBA85C182186804B00B4B0D4 /* AppDelegate.swift */; };
		EBA85C1B2186804B00B4B0D4 /* MineVC.swift in Sources */ = {isa = PBXBuildFile; fileRef = EBA85C1A2186804B00B4B0D4 /* MineVC.swift */; };
		EBA85C1E2186804B00B4B0D4 /* Main.storyboard in Resources */ = {isa = PBXBuildFile; fileRef = EBA85C1C2186804B00B4B0D4 /* Main.storyboard */; };
		EBA85C202186804C00B4B0D4 /* Assets.xcassets in Resources */ = {isa = PBXBuildFile; fileRef = EBA85C1F2186804C00B4B0D4 /* Assets.xcassets */; };
		EBA85C232186804C00B4B0D4 /* LaunchScreen.storyboard in Resources */ = {isa = PBXBuildFile; fileRef = EBA85C212186804C00B4B0D4 /* LaunchScreen.storyboard */; };
		EBA85C2E2186804D00B4B0D4 /* noteAppTests.swift in Sources */ = {isa = PBXBuildFile; fileRef = EBA85C2D2186804D00B4B0D4 /* noteAppTests.swift */; };
		EBA85C3E2186833100B4B0D4 /* Note.swift in Sources */ = {isa = PBXBuildFile; fileRef = EBA85C3D2186833100B4B0D4 /* Note.swift */; };
		EBA85C402186834F00B4B0D4 /* DataService.swift in Sources */ = {isa = PBXBuildFile; fileRef = EBA85C3F2186834F00B4B0D4 /* DataService.swift */; };
		EBA85C422186837500B4B0D4 /* Constrain.swift in Sources */ = {isa = PBXBuildFile; fileRef = EBA85C412186837500B4B0D4 /* Constrain.swift */; };
		EBA85C44218696B800B4B0D4 /* MineVC+NavigationBar.swift in Sources */ = {isa = PBXBuildFile; fileRef = EBA85C43218696B800B4B0D4 /* MineVC+NavigationBar.swift */; };
		EBA85C462186A59200B4B0D4 /* Add_UpdateNoteVC.swift in Sources */ = {isa = PBXBuildFile; fileRef = EBA85C452186A59200B4B0D4 /* Add_UpdateNoteVC.swift */; };
		EBA85C512187AF8F00B4B0D4 /* Localizable.strings in Resources */ = {isa = PBXBuildFile; fileRef = EBA85C532187AF8F00B4B0D4 /* Localizable.strings */; };
		EBA85C552187E42D00B4B0D4 /* Extensions.swift in Sources */ = {isa = PBXBuildFile; fileRef = EBA85C542187E42D00B4B0D4 /* Extensions.swift */; };
/* End PBXBuildFile section */

/* Begin PBXContainerItemProxy section */
		EBA85C2A2186804D00B4B0D4 /* PBXContainerItemProxy */ = {
			isa = PBXContainerItemProxy;
			containerPortal = EBA85C0D2186804B00B4B0D4 /* Project object */;
			proxyType = 1;
			remoteGlobalIDString = EBA85C142186804B00B4B0D4;
			remoteInfo = noteApp;
		};
/* End PBXContainerItemProxy section */

/* Begin PBXFileReference section */
		EBA85C152186804B00B4B0D4 /* noteApp.app */ = {isa = PBXFileReference; explicitFileType = wrapper.application; includeInIndex = 0; path = noteApp.app; sourceTree = BUILT_PRODUCTS_DIR; };
		EBA85C182186804B00B4B0D4 /* AppDelegate.swift */ = {isa = PBXFileReference; lastKnownFileType = sourcecode.swift; path = AppDelegate.swift; sourceTree = "<group>"; };
		EBA85C1A2186804B00B4B0D4 /* MineVC.swift */ = {isa = PBXFileReference; lastKnownFileType = sourcecode.swift; path = MineVC.swift; sourceTree = "<group>"; };
		EBA85C1F2186804C00B4B0D4 /* Assets.xcassets */ = {isa = PBXFileReference; lastKnownFileType = folder.assetcatalog; path = Assets.xcassets; sourceTree = "<group>"; };
		EBA85C242186804C00B4B0D4 /* Info.plist */ = {isa = PBXFileReference; lastKnownFileType = text.plist.xml; path = Info.plist; sourceTree = "<group>"; };
		EBA85C292186804D00B4B0D4 /* noteAppTests.xctest */ = {isa = PBXFileReference; explicitFileType = wrapper.cfbundle; includeInIndex = 0; path = noteAppTests.xctest; sourceTree = BUILT_PRODUCTS_DIR; };
		EBA85C2D2186804D00B4B0D4 /* noteAppTests.swift */ = {isa = PBXFileReference; lastKnownFileType = sourcecode.swift; path = noteAppTests.swift; sourceTree = "<group>"; };
		EBA85C2F2186804D00B4B0D4 /* Info.plist */ = {isa = PBXFileReference; lastKnownFileType = text.plist.xml; path = Info.plist; sourceTree = "<group>"; };
		EBA85C3D2186833100B4B0D4 /* Note.swift */ = {isa = PBXFileReference; lastKnownFileType = sourcecode.swift; path = Note.swift; sourceTree = "<group>"; };
		EBA85C3F2186834F00B4B0D4 /* DataService.swift */ = {isa = PBXFileReference; lastKnownFileType = sourcecode.swift; path = DataService.swift; sourceTree = "<group>"; };
		EBA85C412186837500B4B0D4 /* Constrain.swift */ = {isa = PBXFileReference; lastKnownFileType = sourcecode.swift; path = Constrain.swift; sourceTree = "<group>"; };
		EBA85C43218696B800B4B0D4 /* MineVC+NavigationBar.swift */ = {isa = PBXFileReference; lastKnownFileType = sourcecode.swift; path = "MineVC+NavigationBar.swift"; sourceTree = "<group>"; };
		EBA85C452186A59200B4B0D4 /* Add_UpdateNoteVC.swift */ = {isa = PBXFileReference; lastKnownFileType = sourcecode.swift; path = Add_UpdateNoteVC.swift; sourceTree = "<group>"; };
		EBA85C492187AEAF00B4B0D4 /* sk */ = {isa = PBXFileReference; lastKnownFileType = file.storyboard; name = sk; path = sk.lproj/Main.storyboard; sourceTree = "<group>"; };
		EBA85C4A2187AEB000B4B0D4 /* sk */ = {isa = PBXFileReference; lastKnownFileType = file.storyboard; name = sk; path = sk.lproj/LaunchScreen.storyboard; sourceTree = "<group>"; };
		EBA85C4D2187AEBE00B4B0D4 /* Base */ = {isa = PBXFileReference; lastKnownFileType = file.storyboard; name = Base; path = Base.lproj/Main.storyboard; sourceTree = "<group>"; };
		EBA85C4E2187AEBE00B4B0D4 /* Base */ = {isa = PBXFileReference; lastKnownFileType = file.storyboard; name = Base; path = Base.lproj/LaunchScreen.storyboard; sourceTree = "<group>"; };
		EBA85C522187AF8F00B4B0D4 /* sk */ = {isa = PBXFileReference; lastKnownFileType = text.plist.strings; name = sk; path = sk.lproj/Localizable.strings; sourceTree = "<group>"; };
		EBA85C542187E42D00B4B0D4 /* Extensions.swift */ = {isa = PBXFileReference; lastKnownFileType = sourcecode.swift; path = Extensions.swift; sourceTree = "<group>"; };
/* End PBXFileReference section */

/* Begin PBXFrameworksBuildPhase section */
		EBA85C122186804B00B4B0D4 /* Frameworks */ = {
			isa = PBXFrameworksBuildPhase;
			buildActionMask = 2147483647;
			files = (
			);
			runOnlyForDeploymentPostprocessing = 0;
		};
		EBA85C262186804D00B4B0D4 /* Frameworks */ = {
			isa = PBXFrameworksBuildPhase;
			buildActionMask = 2147483647;
			files = (
			);
			runOnlyForDeploymentPostprocessing = 0;
		};
/* End PBXFrameworksBuildPhase section */

/* Begin PBXGroup section */
		EBA85C0C2186804B00B4B0D4 = {
			isa = PBXGroup;
			children = (
				EBA85C172186804B00B4B0D4 /* noteApp */,
				EBA85C2C2186804D00B4B0D4 /* noteAppTests */,
				EBA85C162186804B00B4B0D4 /* Products */,
			);
			sourceTree = "<group>";
		};
		EBA85C162186804B00B4B0D4 /* Products */ = {
			isa = PBXGroup;
			children = (
				EBA85C152186804B00B4B0D4 /* noteApp.app */,
				EBA85C292186804D00B4B0D4 /* noteAppTests.xctest */,
			);
			name = Products;
			sourceTree = "<group>";
		};
		EBA85C172186804B00B4B0D4 /* noteApp */ = {
			isa = PBXGroup;
			children = (
				EBA85C3C2186813700B4B0D4 /* View */,
				EBA85C3B2186811C00B4B0D4 /* Resources */,
				EBA85C3A2186811300B4B0D4 /* Model */,
				EBA85C392186810D00B4B0D4 /* Controller */,
				EBA85C38218680EB00B4B0D4 /* Service */,
				EBA85C1F2186804C00B4B0D4 /* Assets.xcassets */,
				EBA85C242186804C00B4B0D4 /* Info.plist */,
				EBA85C532187AF8F00B4B0D4 /* Localizable.strings */,
			);
			path = noteApp;
			sourceTree = "<group>";
		};
		EBA85C2C2186804D00B4B0D4 /* noteAppTests */ = {
			isa = PBXGroup;
			children = (
				EBA85C2D2186804D00B4B0D4 /* noteAppTests.swift */,
				EBA85C2F2186804D00B4B0D4 /* Info.plist */,
			);
			path = noteAppTests;
			sourceTree = "<group>";
		};
		EBA85C38218680EB00B4B0D4 /* Service */ = {
			isa = PBXGroup;
			children = (
				EBA85C3F2186834F00B4B0D4 /* DataService.swift */,
			);
			path = Service;
			sourceTree = "<group>";
		};
		EBA85C392186810D00B4B0D4 /* Controller */ = {
			isa = PBXGroup;
			children = (
				EBA85C182186804B00B4B0D4 /* AppDelegate.swift */,
				EBA85C1A2186804B00B4B0D4 /* MineVC.swift */,
				EBA85C43218696B800B4B0D4 /* MineVC+NavigationBar.swift */,
				EBA85C452186A59200B4B0D4 /* Add_UpdateNoteVC.swift */,
			);
			path = Controller;
			sourceTree = "<group>";
		};
		EBA85C3A2186811300B4B0D4 /* Model */ = {
			isa = PBXGroup;
			children = (
				EBA85C3D2186833100B4B0D4 /* Note.swift */,
			);
			path = Model;
			sourceTree = "<group>";
		};
		EBA85C3B2186811C00B4B0D4 /* Resources */ = {
			isa = PBXGroup;
			children = (
				EBA85C412186837500B4B0D4 /* Constrain.swift */,
				EBA85C542187E42D00B4B0D4 /* Extensions.swift */,
			);
			path = Resources;
			sourceTree = "<group>";
		};
		EBA85C3C2186813700B4B0D4 /* View */ = {
			isa = PBXGroup;
			children = (
				EBA85C1C2186804B00B4B0D4 /* Main.storyboard */,
				EBA85C212186804C00B4B0D4 /* LaunchScreen.storyboard */,
			);
			path = View;
			sourceTree = "<group>";
		};
/* End PBXGroup section */

/* Begin PBXNativeTarget section */
		EBA85C142186804B00B4B0D4 /* noteApp */ = {
			isa = PBXNativeTarget;
			buildConfigurationList = EBA85C322186804D00B4B0D4 /* Build configuration list for PBXNativeTarget "noteApp" */;
			buildPhases = (
				EBA85C112186804B00B4B0D4 /* Sources */,
				EBA85C122186804B00B4B0D4 /* Frameworks */,
				EBA85C132186804B00B4B0D4 /* Resources */,
			);
			buildRules = (
			);
			dependencies = (
			);
			name = noteApp;
			productName = noteApp;
			productReference = EBA85C152186804B00B4B0D4 /* noteApp.app */;
			productType = "com.apple.product-type.application";
		};
		EBA85C282186804D00B4B0D4 /* noteAppTests */ = {
			isa = PBXNativeTarget;
			buildConfigurationList = EBA85C352186804D00B4B0D4 /* Build configuration list for PBXNativeTarget "noteAppTests" */;
			buildPhases = (
				EBA85C252186804D00B4B0D4 /* Sources */,
				EBA85C262186804D00B4B0D4 /* Frameworks */,
				EBA85C272186804D00B4B0D4 /* Resources */,
			);
			buildRules = (
			);
			dependencies = (
				EBA85C2B2186804D00B4B0D4 /* PBXTargetDependency */,
			);
			name = noteAppTests;
			productName = noteAppTests;
			productReference = EBA85C292186804D00B4B0D4 /* noteAppTests.xctest */;
			productType = "com.apple.product-type.bundle.unit-test";
		};
/* End PBXNativeTarget section */

/* Begin PBXProject section */
		EBA85C0D2186804B00B4B0D4 /* Project object */ = {
			isa = PBXProject;
			attributes = {
				LastSwiftUpdateCheck = 1000;
				LastUpgradeCheck = 1000;
				ORGANIZATIONNAME = "Marcel Harvan";
				TargetAttributes = {
					EBA85C142186804B00B4B0D4 = {
						CreatedOnToolsVersion = 10.0;
					};
					EBA85C282186804D00B4B0D4 = {
						CreatedOnToolsVersion = 10.0;
						TestTargetID = EBA85C142186804B00B4B0D4;
					};
				};
			};
			buildConfigurationList = EBA85C102186804B00B4B0D4 /* Build configuration list for PBXProject "noteApp" */;
			compatibilityVersion = "Xcode 9.3";
			developmentRegion = en;
			hasScannedForEncodings = 0;
			knownRegions = (
				en,
				Base,
			);
			mainGroup = EBA85C0C2186804B00B4B0D4;
			productRefGroup = EBA85C162186804B00B4B0D4 /* Products */;
			projectDirPath = "";
			projectRoot = "";
			targets = (
				EBA85C142186804B00B4B0D4 /* noteApp */,
				EBA85C282186804D00B4B0D4 /* noteAppTests */,
			);
		};
/* End PBXProject section */

/* Begin PBXResourcesBuildPhase section */
		EBA85C132186804B00B4B0D4 /* Resources */ = {
			isa = PBXResourcesBuildPhase;
			buildActionMask = 2147483647;
			files = (
				EBA85C232186804C00B4B0D4 /* LaunchScreen.storyboard in Resources */,
				EBA85C512187AF8F00B4B0D4 /* Localizable.strings in Resources */,
				EBA85C202186804C00B4B0D4 /* Assets.xcassets in Resources */,
				EBA85C1E2186804B00B4B0D4 /* Main.storyboard in Resources */,
			);
			runOnlyForDeploymentPostprocessing = 0;
		};
		EBA85C272186804D00B4B0D4 /* Resources */ = {
			isa = PBXResourcesBuildPhase;
			buildActionMask = 2147483647;
			files = (
			);
			runOnlyForDeploymentPostprocessing = 0;
		};
/* End PBXResourcesBuildPhase section */

/* Begin PBXSourcesBuildPhase section */
		EBA85C112186804B00B4B0D4 /* Sources */ = {
			isa = PBXSourcesBuildPhase;
			buildActionMask = 2147483647;
			files = (
				EBA85C1B2186804B00B4B0D4 /* MineVC.swift in Sources */,
				EBA85C192186804B00B4B0D4 /* AppDelegate.swift in Sources */,
				EBA85C3E2186833100B4B0D4 /* Note.swift in Sources */,
				EBA85C552187E42D00B4B0D4 /* Extensions.swift in Sources */,
				EBA85C422186837500B4B0D4 /* Constrain.swift in Sources */,
				EBA85C44218696B800B4B0D4 /* MineVC+NavigationBar.swift in Sources */,
				EBA85C462186A59200B4B0D4 /* Add_UpdateNoteVC.swift in Sources */,
				EBA85C402186834F00B4B0D4 /* DataService.swift in Sources */,
			);
			runOnlyForDeploymentPostprocessing = 0;
		};
		EBA85C252186804D00B4B0D4 /* Sources */ = {
			isa = PBXSourcesBuildPhase;
			buildActionMask = 2147483647;
			files = (
				EBA85C2E2186804D00B4B0D4 /* noteAppTests.swift in Sources */,
			);
			runOnlyForDeploymentPostprocessing = 0;
		};
/* End PBXSourcesBuildPhase section */

/* Begin PBXTargetDependency section */
		EBA85C2B2186804D00B4B0D4 /* PBXTargetDependency */ = {
			isa = PBXTargetDependency;
			target = EBA85C142186804B00B4B0D4 /* noteApp */;
			targetProxy = EBA85C2A2186804D00B4B0D4 /* PBXContainerItemProxy */;
		};
/* End PBXTargetDependency section */

/* Begin PBXVariantGroup section */
		EBA85C1C2186804B00B4B0D4 /* Main.storyboard */ = {
			isa = PBXVariantGroup;
			children = (
				EBA85C492187AEAF00B4B0D4 /* sk */,
				EBA85C4D2187AEBE00B4B0D4 /* Base */,
			);
			name = Main.storyboard;
			sourceTree = "<group>";
		};
		EBA85C212186804C00B4B0D4 /* LaunchScreen.storyboard */ = {
			isa = PBXVariantGroup;
			children = (
				EBA85C4A2187AEB000B4B0D4 /* sk */,
				EBA85C4E2187AEBE00B4B0D4 /* Base */,
			);
			name = LaunchScreen.storyboard;
			sourceTree = "<group>";
		};
		EBA85C532187AF8F00B4B0D4 /* Localizable.strings */ = {
			isa = PBXVariantGroup;
			children = (
				EBA85C522187AF8F00B4B0D4 /* sk */,
			);
			name = Localizable.strings;
			sourceTree = "<group>";
		};
/* End PBXVariantGroup section */

/* Begin XCBuildConfiguration section */
		EBA85C302186804D00B4B0D4 /* Debug */ = {
			isa = XCBuildConfiguration;
			buildSettings = {
				ALWAYS_SEARCH_USER_PATHS = NO;
				CLANG_ANALYZER_LOCALIZABILITY_NONLOCALIZED = YES;
				CLANG_ANALYZER_NONNULL = YES;
				CLANG_ANALYZER_NUMBER_OBJECT_CONVERSION = YES_AGGRESSIVE;
				CLANG_CXX_LANGUAGE_STANDARD = "gnu++14";
				CLANG_CXX_LIBRARY = "libc++";
				CLANG_ENABLE_MODULES = YES;
				CLANG_ENABLE_OBJC_ARC = YES;
				CLANG_ENABLE_OBJC_WEAK = YES;
				CLANG_WARN_BLOCK_CAPTURE_AUTORELEASING = YES;
				CLANG_WARN_BOOL_CONVERSION = YES;
				CLANG_WARN_COMMA = YES;
				CLANG_WARN_CONSTANT_CONVERSION = YES;
				CLANG_WARN_DEPRECATED_OBJC_IMPLEMENTATIONS = YES;
				CLANG_WARN_DIRECT_OBJC_ISA_USAGE = YES_ERROR;
				CLANG_WARN_DOCUMENTATION_COMMENTS = YES;
				CLANG_WARN_EMPTY_BODY = YES;
				CLANG_WARN_ENUM_CONVERSION = YES;
				CLANG_WARN_INFINITE_RECURSION = YES;
				CLANG_WARN_INT_CONVERSION = YES;
				CLANG_WARN_NON_LITERAL_NULL_CONVERSION = YES;
				CLANG_WARN_OBJC_IMPLICIT_RETAIN_SELF = YES;
				CLANG_WARN_OBJC_LITERAL_CONVERSION = YES;
				CLANG_WARN_OBJC_ROOT_CLASS = YES_ERROR;
				CLANG_WARN_RANGE_LOOP_ANALYSIS = YES;
				CLANG_WARN_STRICT_PROTOTYPES = YES;
				CLANG_WARN_SUSPICIOUS_MOVE = YES;
				CLANG_WARN_UNGUARDED_AVAILABILITY = YES_AGGRESSIVE;
				CLANG_WARN_UNREACHABLE_CODE = YES;
				CLANG_WARN__DUPLICATE_METHOD_MATCH = YES;
				CODE_SIGN_IDENTITY = "iPhone Developer";
				COPY_PHASE_STRIP = NO;
				DEBUG_INFORMATION_FORMAT = dwarf;
				ENABLE_STRICT_OBJC_MSGSEND = YES;
				ENABLE_TESTABILITY = YES;
				GCC_C_LANGUAGE_STANDARD = gnu11;
				GCC_DYNAMIC_NO_PIC = NO;
				GCC_NO_COMMON_BLOCKS = YES;
				GCC_OPTIMIZATION_LEVEL = 0;
				GCC_PREPROCESSOR_DEFINITIONS = (
					"DEBUG=1",
					"$(inherited)",
				);
				GCC_WARN_64_TO_32_BIT_CONVERSION = YES;
				GCC_WARN_ABOUT_RETURN_TYPE = YES_ERROR;
				GCC_WARN_UNDECLARED_SELECTOR = YES;
				GCC_WARN_UNINITIALIZED_AUTOS = YES_AGGRESSIVE;
				GCC_WARN_UNUSED_FUNCTION = YES;
				GCC_WARN_UNUSED_VARIABLE = YES;
				IPHONEOS_DEPLOYMENT_TARGET = 12.0;
				MTL_ENABLE_DEBUG_INFO = INCLUDE_SOURCE;
				MTL_FAST_MATH = YES;
				ONLY_ACTIVE_ARCH = YES;
				SDKROOT = iphoneos;
				SWIFT_ACTIVE_COMPILATION_CONDITIONS = DEBUG;
				SWIFT_OPTIMIZATION_LEVEL = "-Onone";
			};
			name = Debug;
		};
		EBA85C312186804D00B4B0D4 /* Release */ = {
			isa = XCBuildConfiguration;
			buildSettings = {
				ALWAYS_SEARCH_USER_PATHS = NO;
				CLANG_ANALYZER_LOCALIZABILITY_NONLOCALIZED = YES;
				CLANG_ANALYZER_NONNULL = YES;
				CLANG_ANALYZER_NUMBER_OBJECT_CONVERSION = YES_AGGRESSIVE;
				CLANG_CXX_LANGUAGE_STANDARD = "gnu++14";
				CLANG_CXX_LIBRARY = "libc++";
				CLANG_ENABLE_MODULES = YES;
				CLANG_ENABLE_OBJC_ARC = YES;
				CLANG_ENABLE_OBJC_WEAK = YES;
				CLANG_WARN_BLOCK_CAPTURE_AUTORELEASING = YES;
				CLANG_WARN_BOOL_CONVERSION = YES;
				CLANG_WARN_COMMA = YES;
				CLANG_WARN_CONSTANT_CONVERSION = YES;
				CLANG_WARN_DEPRECATED_OBJC_IMPLEMENTATIONS = YES;
				CLANG_WARN_DIRECT_OBJC_ISA_USAGE = YES_ERROR;
				CLANG_WARN_DOCUMENTATION_COMMENTS = YES;
				CLANG_WARN_EMPTY_BODY = YES;
				CLANG_WARN_ENUM_CONVERSION = YES;
				CLANG_WARN_INFINITE_RECURSION = YES;
				CLANG_WARN_INT_CONVERSION = YES;
				CLANG_WARN_NON_LITERAL_NULL_CONVERSION = YES;
				CLANG_WARN_OBJC_IMPLICIT_RETAIN_SELF = YES;
				CLANG_WARN_OBJC_LITERAL_CONVERSION = YES;
				CLANG_WARN_OBJC_ROOT_CLASS = YES_ERROR;
				CLANG_WARN_RANGE_LOOP_ANALYSIS = YES;
				CLANG_WARN_STRICT_PROTOTYPES = YES;
				CLANG_WARN_SUSPICIOUS_MOVE = YES;
				CLANG_WARN_UNGUARDED_AVAILABILITY = YES_AGGRESSIVE;
				CLANG_WARN_UNREACHABLE_CODE = YES;
				CLANG_WARN__DUPLICATE_METHOD_MATCH = YES;
				CODE_SIGN_IDENTITY = "iPhone Developer";
				COPY_PHASE_STRIP = NO;
				DEBUG_INFORMATION_FORMAT = "dwarf-with-dsym";
				ENABLE_NS_ASSERTIONS = NO;
				ENABLE_STRICT_OBJC_MSGSEND = YES;
				GCC_C_LANGUAGE_STANDARD = gnu11;
				GCC_NO_COMMON_BLOCKS = YES;
				GCC_WARN_64_TO_32_BIT_CONVERSION = YES;
				GCC_WARN_ABOUT_RETURN_TYPE = YES_ERROR;
				GCC_WARN_UNDECLARED_SELECTOR = YES;
				GCC_WARN_UNINITIALIZED_AUTOS = YES_AGGRESSIVE;
				GCC_WARN_UNUSED_FUNCTION = YES;
				GCC_WARN_UNUSED_VARIABLE = YES;
				IPHONEOS_DEPLOYMENT_TARGET = 12.0;
				MTL_ENABLE_DEBUG_INFO = NO;
				MTL_FAST_MATH = YES;
				SDKROOT = iphoneos;
				SWIFT_COMPILATION_MODE = wholemodule;
				SWIFT_OPTIMIZATION_LEVEL = "-O";
				VALIDATE_PRODUCT = YES;
			};
			name = Release;
		};
		EBA85C332186804D00B4B0D4 /* Debug */ = {
			isa = XCBuildConfiguration;
			buildSettings = {
				ASSETCATALOG_COMPILER_APPICON_NAME = AppIcon;
				CODE_SIGN_STYLE = Automatic;
				DEVELOPMENT_TEAM = BRZXF8YH4L;
				INFOPLIST_FILE = noteApp/Info.plist;
				LD_RUNPATH_SEARCH_PATHS = (
					"$(inherited)",
					"@executable_path/Frameworks",
				);
				PRODUCT_BUNDLE_IDENTIFIER = MarcelHarvan.com.noteApp;
				PRODUCT_NAME = "$(TARGET_NAME)";
				SWIFT_VERSION = 4.2;
				TARGETED_DEVICE_FAMILY = "1,2";
			};
			name = Debug;
		};
		EBA85C342186804D00B4B0D4 /* Release */ = {
			isa = XCBuildConfiguration;
			buildSettings = {
				ASSETCATALOG_COMPILER_APPICON_NAME = AppIcon;
				CODE_SIGN_STYLE = Automatic;
				DEVELOPMENT_TEAM = BRZXF8YH4L;
				INFOPLIST_FILE = noteApp/Info.plist;
				LD_RUNPATH_SEARCH_PATHS = (
					"$(inherited)",
					"@executable_path/Frameworks",
				);
				PRODUCT_BUNDLE_IDENTIFIER = MarcelHarvan.com.noteApp;
				PRODUCT_NAME = "$(TARGET_NAME)";
				SWIFT_VERSION = 4.2;
				TARGETED_DEVICE_FAMILY = "1,2";
			};
			name = Release;
		};
		EBA85C362186804D00B4B0D4 /* Debug */ = {
			isa = XCBuildConfiguration;
			buildSettings = {
				ALWAYS_EMBED_SWIFT_STANDARD_LIBRARIES = YES;
				BUNDLE_LOADER = "$(TEST_HOST)";
				CODE_SIGN_STYLE = Automatic;
				DEVELOPMENT_TEAM = BRZXF8YH4L;
				INFOPLIST_FILE = noteAppTests/Info.plist;
				LD_RUNPATH_SEARCH_PATHS = (
					"$(inherited)",
					"@executable_path/Frameworks",
					"@loader_path/Frameworks",
				);
				PRODUCT_BUNDLE_IDENTIFIER = MarcelHarvan.com.noteAppTests;
				PRODUCT_NAME = "$(TARGET_NAME)";
				SWIFT_VERSION = 4.2;
				TARGETED_DEVICE_FAMILY = "1,2";
				TEST_HOST = "$(BUILT_PRODUCTS_DIR)/noteApp.app/noteApp";
			};
			name = Debug;
		};
		EBA85C372186804D00B4B0D4 /* Release */ = {
			isa = XCBuildConfiguration;
			buildSettings = {
				ALWAYS_EMBED_SWIFT_STANDARD_LIBRARIES = YES;
				BUNDLE_LOADER = "$(TEST_HOST)";
				CODE_SIGN_STYLE = Automatic;
				DEVELOPMENT_TEAM = BRZXF8YH4L;
				INFOPLIST_FILE = noteAppTests/Info.plist;
				LD_RUNPATH_SEARCH_PATHS = (
					"$(inherited)",
					"@executable_path/Frameworks",
					"@loader_path/Frameworks",
				);
				PRODUCT_BUNDLE_IDENTIFIER = MarcelHarvan.com.noteAppTests;
				PRODUCT_NAME = "$(TARGET_NAME)";
				SWIFT_VERSION = 4.2;
				TARGETED_DEVICE_FAMILY = "1,2";
				TEST_HOST = "$(BUILT_PRODUCTS_DIR)/noteApp.app/noteApp";
			};
			name = Release;
		};
/* End XCBuildConfiguration section */

/* Begin XCConfigurationList section */
		EBA85C102186804B00B4B0D4 /* Build configuration list for PBXProject "noteApp" */ = {
			isa = XCConfigurationList;
			buildConfigurations = (
				EBA85C302186804D00B4B0D4 /* Debug */,
				EBA85C312186804D00B4B0D4 /* Release */,
			);
			defaultConfigurationIsVisible = 0;
			defaultConfigurationName = Release;
		};
		EBA85C322186804D00B4B0D4 /* Build configuration list for PBXNativeTarget "noteApp" */ = {
			isa = XCConfigurationList;
			buildConfigurations = (
				EBA85C332186804D00B4B0D4 /* Debug */,
				EBA85C342186804D00B4B0D4 /* Release */,
			);
			defaultConfigurationIsVisible = 0;
			defaultConfigurationName = Release;
		};
		EBA85C352186804D00B4B0D4 /* Build configuration list for PBXNativeTarget "noteAppTests" */ = {
			isa = XCConfigurationList;
			buildConfigurations = (
				EBA85C362186804D00B4B0D4 /* Debug */,
				EBA85C372186804D00B4B0D4 /* Release */,
			);
			defaultConfigurationIsVisible = 0;
			defaultConfigurationName = Release;
		};
/* End XCConfigurationList section */
	};
	rootObject = EBA85C0D2186804B00B4B0D4 /* Project object */;
}
